
Microsoft Visual Studio Solution File, Format Version 12.00
# Visual Studio Version 16
VisualStudioVersion = 16.0.32126.315
MinimumVisualStudioVersion = 10.0.40219.1
Project("{9A19103F-16F7-4668-BE54-9A1E7A4F7556}") = "Task2", "Task1\Task2.csproj", "{F1964072-E773-4375-A2C2-24557A61291D}"
EndProject
Project("{FAE04EC0-301F-11D3-BF4B-00C04F79EFBC}") = "Task3", "Task3\Task3.csproj", "{35CE9AC1-8A83-4CB3-B3B2-609C26A56116}"
EndProject
Global
	GlobalSection(SolutionConfigurationPlatforms) = preSolution
		Debug|Any CPU = Debug|Any CPU
		Release|Any CPU = Release|Any CPU
	EndGlobalSection
	GlobalSection(ProjectConfigurationPlatforms) = postSolution
		{F1964072-E773-4375-A2C2-24557A61291D}.Debug|Any CPU.ActiveCfg = Debug|Any CPU
		{F1964072-E773-4375-A2C2-24557A61291D}.Debug|Any CPU.Build.0 = Debug|Any CPU
		{F1964072-E773-4375-A2C2-24557A61291D}.Release|Any CPU.ActiveCfg = Release|Any CPU
		{F1964072-E773-4375-A2C2-24557A61291D}.Release|Any CPU.Build.0 = Release|Any CPU
		{35CE9AC1-8A83-4CB3-B3B2-609C26A56116}.Debug|Any CPU.ActiveCfg = Debug|Any CPU
		{35CE9AC1-8A83-4CB3-B3B2-609C26A56116}.Debug|Any CPU.Build.0 = Debug|Any CPU
		{35CE9AC1-8A83-4CB3-B3B2-609C26A56116}.Release|Any CPU.ActiveCfg = Release|Any CPU
		{35CE9AC1-8A83-4CB3-B3B2-609C26A56116}.Release|Any CPU.Build.0 = Release|Any CPU
	EndGlobalSection
	GlobalSection(SolutionProperties) = preSolution
		HideSolutionNode = FALSE
	EndGlobalSection
	GlobalSection(ExtensibilityGlobals) = postSolution
		SolutionGuid = {0F8E6AC5-8931-4A53-9CF9-A68EB8E61E07}
	EndGlobalSection
EndGlobal
